
Microsoft Visual Studio Solution File, Format Version 11.00
# Visual Studio 2010
Project("{8BC9CEB8-8B4A-11D0-8D11-00A0C91BC942}") = "tetv-graphics", "tetv-graphics\tetv-graphics.vcxproj", "{1518EBA0-384F-4C29-B6EA-334C9054E3AE}"
EndProject
Project("{54435603-DBB4-11D2-8724-00A0C9A8B90C}") = "tetv-graphics-installer", "tetv-graphics-installer\tetv-graphics-installer.vdproj", "{A52076FC-3690-4F42-A1E7-C952240CC80D}"
EndProject
Global
	GlobalSection(SolutionConfigurationPlatforms) = preSolution
		Debug|Win32 = Debug|Win32
		Release|Win32 = Release|Win32
	EndGlobalSection
	GlobalSection(ProjectConfigurationPlatforms) = postSolution
		{1518EBA0-384F-4C29-B6EA-334C9054E3AE}.Debug|Win32.ActiveCfg = Debug|Win32
		{1518EBA0-384F-4C29-B6EA-334C9054E3AE}.Debug|Win32.Build.0 = Debug|Win32
		{1518EBA0-384F-4C29-B6EA-334C9054E3AE}.Release|Win32.ActiveCfg = Release|Win32
		{1518EBA0-384F-4C29-B6EA-334C9054E3AE}.Release|Win32.Build.0 = Release|Win32
		{A52076FC-3690-4F42-A1E7-C952240CC80D}.Debug|Win32.ActiveCfg = Debug
		{A52076FC-3690-4F42-A1E7-C952240CC80D}.Release|Win32.ActiveCfg = Release
		{A52076FC-3690-4F42-A1E7-C952240CC80D}.Release|Win32.Build.0 = Release
	EndGlobalSection
	GlobalSection(SolutionProperties) = preSolution
		HideSolutionNode = FALSE
	EndGlobalSection
EndGlobal
