
Microsoft Visual Studio Solution File, Format Version 11.00
# Visual Studio 2010
Project("{8BC9CEB8-8B4A-11D0-8D11-00A0C91BC942}") = "tetv-graphics", "tetv-graphics\tetv-graphics.vcxproj", "{1518EBA0-384F-4C29-B6EA-334C9054E3AE}"
EndProject
Global
	GlobalSection(SolutionConfigurationPlatforms) = preSolution
		Debug|Win32 = Debug|Win32
		Release|Win32 = Release|Win32
	EndGlobalSection
	GlobalSection(ProjectConfigurationPlatforms) = postSolution
		{1518EBA0-384F-4C29-B6EA-334C9054E3AE}.Debug|Win32.ActiveCfg = Debug|Win32
		{1518EBA0-384F-4C29-B6EA-334C9054E3AE}.Debug|Win32.Build.0 = Debug|Win32
		{1518EBA0-384F-4C29-B6EA-334C9054E3AE}.Release|Win32.ActiveCfg = Release|Win32
		{1518EBA0-384F-4C29-B6EA-334C9054E3AE}.Release|Win32.Build.0 = Release|Win32
	EndGlobalSection
	GlobalSection(SolutionProperties) = preSolution
		HideSolutionNode = FALSE
	EndGlobalSection
EndGlobal
